
Microsoft Visual Studio Solution File, Format Version 12.00
# Visual Studio Version 17
VisualStudioVersion = 17.5.33516.290
MinimumVisualStudioVersion = 10.0.40219.1
Project("{FAE04EC0-301F-11D3-BF4B-00C04F79EFBC}") = "PlatformDemoClassLibrary", "PlatformDemoClassLibrary\PlatformDemoClassLibrary.csproj", "{2CE53D03-D7CA-4F74-8846-649FA2CF3C50}"
EndProject
Project("{FAE04EC0-301F-11D3-BF4B-00C04F79EFBC}") = "PlatformDemoWebApp", "PlatformDemoWebApp\PlatformDemoWebApp.csproj", "{59D92D9F-77F0-4202-B2F1-7919182C199D}"
EndProject
Global
	GlobalSection(SolutionConfigurationPlatforms) = preSolution
		Debug|Any CPU = Debug|Any CPU
		Release|Any CPU = Release|Any CPU
	EndGlobalSection
	GlobalSection(ProjectConfigurationPlatforms) = postSolution
		{2CE53D03-D7CA-4F74-8846-649FA2CF3C50}.Debug|Any CPU.ActiveCfg = Debug|Any CPU
		{2CE53D03-D7CA-4F74-8846-649FA2CF3C50}.Debug|Any CPU.Build.0 = Debug|Any CPU
		{2CE53D03-D7CA-4F74-8846-649FA2CF3C50}.Release|Any CPU.ActiveCfg = Release|Any CPU
		{2CE53D03-D7CA-4F74-8846-649FA2CF3C50}.Release|Any CPU.Build.0 = Release|Any CPU
		{59D92D9F-77F0-4202-B2F1-7919182C199D}.Debug|Any CPU.ActiveCfg = Debug|Any CPU
		{59D92D9F-77F0-4202-B2F1-7919182C199D}.Debug|Any CPU.Build.0 = Debug|Any CPU
		{59D92D9F-77F0-4202-B2F1-7919182C199D}.Release|Any CPU.ActiveCfg = Release|Any CPU
		{59D92D9F-77F0-4202-B2F1-7919182C199D}.Release|Any CPU.Build.0 = Release|Any CPU
	EndGlobalSection
	GlobalSection(SolutionProperties) = preSolution
		HideSolutionNode = FALSE
	EndGlobalSection
	GlobalSection(ExtensibilityGlobals) = postSolution
		SolutionGuid = {1862881D-363C-473F-A821-DEA11509118F}
	EndGlobalSection
EndGlobal
